
Microsoft Visual Studio Solution File, Format Version 12.00
# Visual Studio Version 16
VisualStudioVersion = 16.0.32901.82
MinimumVisualStudioVersion = 10.0.40219.1
Project("{FAE04EC0-301F-11D3-BF4B-00C04F79EFBC}") = "WpfApp49", "WpfApp49.csproj", "{10025E6E-9577-41A6-8A5E-3004CC08AFCD}"
EndProject
Global
	GlobalSection(SolutionConfigurationPlatforms) = preSolution
		Debug|Any CPU = Debug|Any CPU
		Release|Any CPU = Release|Any CPU
	EndGlobalSection
	GlobalSection(ProjectConfigurationPlatforms) = postSolution
		{10025E6E-9577-41A6-8A5E-3004CC08AFCD}.Debug|Any CPU.ActiveCfg = Debug|Any CPU
		{10025E6E-9577-41A6-8A5E-3004CC08AFCD}.Debug|Any CPU.Build.0 = Debug|Any CPU
		{10025E6E-9577-41A6-8A5E-3004CC08AFCD}.Release|Any CPU.ActiveCfg = Release|Any CPU
		{10025E6E-9577-41A6-8A5E-3004CC08AFCD}.Release|Any CPU.Build.0 = Release|Any CPU
	EndGlobalSection
	GlobalSection(SolutionProperties) = preSolution
		HideSolutionNode = FALSE
	EndGlobalSection
	GlobalSection(ExtensibilityGlobals) = postSolution
		SolutionGuid = {F48CFAB0-E494-454E-B693-AAE05B27DA88}
	EndGlobalSection
EndGlobal
