
Microsoft Visual Studio Solution File, Format Version 12.00
# Visual Studio Version 16
VisualStudioVersion = 16.0.32901.82
MinimumVisualStudioVersion = 10.0.40219.1
Project("{FAE04EC0-301F-11D3-BF4B-00C04F79EFBC}") = "WpfApp65", "WpfApp65.csproj", "{C0073715-1F6B-4009-99F7-F305CD33BEB0}"
EndProject
Global
	GlobalSection(SolutionConfigurationPlatforms) = preSolution
		Debug|Any CPU = Debug|Any CPU
		Release|Any CPU = Release|Any CPU
	EndGlobalSection
	GlobalSection(ProjectConfigurationPlatforms) = postSolution
		{C0073715-1F6B-4009-99F7-F305CD33BEB0}.Debug|Any CPU.ActiveCfg = Debug|Any CPU
		{C0073715-1F6B-4009-99F7-F305CD33BEB0}.Debug|Any CPU.Build.0 = Debug|Any CPU
		{C0073715-1F6B-4009-99F7-F305CD33BEB0}.Release|Any CPU.ActiveCfg = Release|Any CPU
		{C0073715-1F6B-4009-99F7-F305CD33BEB0}.Release|Any CPU.Build.0 = Release|Any CPU
	EndGlobalSection
	GlobalSection(SolutionProperties) = preSolution
		HideSolutionNode = FALSE
	EndGlobalSection
	GlobalSection(ExtensibilityGlobals) = postSolution
		SolutionGuid = {C125B2DA-AE8B-47FA-9961-AF875370AB68}
	EndGlobalSection
EndGlobal
